
Microsoft Visual Studio Solution File, Format Version 12.00
# Visual Studio Version 16
VisualStudioVersion = 16.0.34031.81
MinimumVisualStudioVersion = 10.0.40219.1
Project("{2150E333-8FDC-42A3-9474-1A3956D46DE8}") = "Task0", "Task0", "{BC76E9F4-2898-4442-95EB-938C0325BA79}"
EndProject
Project("{FAE04EC0-301F-11D3-BF4B-00C04F79EFBC}") = "Tyuiu.KolchakovDR.Sprint3.Task0.V8", "Tyuiu.KolchakovDR.Sprint3.Task0.V8\Tyuiu.KolchakovDR.Sprint3.Task0.V8.csproj", "{59D11744-F2F6-4146-B02B-5AF30197377A}"
EndProject
Project("{FAE04EC0-301F-11D3-BF4B-00C04F79EFBC}") = "Tyuiu.KolchakovDR.Sprint3.Task0.V8.Lib", "Tyuiu.KolchakovDR.Sprint3.Task0.V8.Lib\Tyuiu.KolchakovDR.Sprint3.Task0.V8.Lib.csproj", "{520641E0-FDF4-4469-BC96-8E7EFB3A2410}"
EndProject
Project("{FAE04EC0-301F-11D3-BF4B-00C04F79EFBC}") = "Tyuiu.KolchakovDR.Sprint3.Task0.V8.Test", "Tyuiu.KolchakovDR.Sprint3.Task0.V8.Test\Tyuiu.KolchakovDR.Sprint3.Task0.V8.Test.csproj", "{E602F081-EE97-4E27-A81C-FC691A8CC067}"
EndProject
Project("{FAE04EC0-301F-11D3-BF4B-00C04F79EFBC}") = "TaskHeaderGenerator", "TaskHeaderGenerator\TaskHeaderGenerator.csproj", "{E41A52CE-1D64-4E64-B226-49EDE930DD69}"
EndProject
Project("{2150E333-8FDC-42A3-9474-1A3956D46DE8}") = "Task1", "Task1", "{A60821BA-048B-4E62-8D68-644CB3E26E50}"
EndProject
Project("{FAE04EC0-301F-11D3-BF4B-00C04F79EFBC}") = "Tyuiu.KolchakovDR.Sprint3.Task1.V10", "Tyuiu.KolchakovDR.Sprint3.Task1.V10\Tyuiu.KolchakovDR.Sprint3.Task1.V10.csproj", "{2F932B71-49FA-4273-81F8-B978EC5C9482}"
EndProject
Project("{FAE04EC0-301F-11D3-BF4B-00C04F79EFBC}") = "Tyuiu.KolchakovDR.Sprint3.Task1.V10.Lib", "Tyuiu.KolchakovDR.Sprint3.Task1.V10.Lib\Tyuiu.KolchakovDR.Sprint3.Task1.V10.Lib.csproj", "{FE7152B7-3752-4EAE-8688-003808B45BC7}"
EndProject
Project("{FAE04EC0-301F-11D3-BF4B-00C04F79EFBC}") = "Tyuiu.KolchakovDR.Sprint3.Task1.V10.Test", "Tyuiu.KolchakovDR.Sprint3.Task1.V10.Test\Tyuiu.KolchakovDR.Sprint3.Task1.V10.Test.csproj", "{225D4DB5-E163-4286-894D-5F95D2D690A3}"
EndProject
Project("{2150E333-8FDC-42A3-9474-1A3956D46DE8}") = "Task2", "Task2", "{7A8EE941-01BF-4A5B-BE51-70D56ABACAF7}"
EndProject
Project("{FAE04EC0-301F-11D3-BF4B-00C04F79EFBC}") = "Tyuiu.KolchakovDR.Sprint3.Task2.V25", "Tyuiu.KolchakovDR.Sprint3.Task2.V25\Tyuiu.KolchakovDR.Sprint3.Task2.V25.csproj", "{C55F1994-3000-4DA1-8979-7A952C72E9D3}"
EndProject
Project("{FAE04EC0-301F-11D3-BF4B-00C04F79EFBC}") = "Tyuiu.KolchakovDR.Sprint3.Task2.V25.Lib", "Tyuiu.KolchakovDR.Sprint3.Task2.V25.Lib\Tyuiu.KolchakovDR.Sprint3.Task2.V25.Lib.csproj", "{8F4ABAE3-A1D9-4429-8F1D-872DE42F6F8E}"
EndProject
Project("{FAE04EC0-301F-11D3-BF4B-00C04F79EFBC}") = "Tyuiu.KolchakovDR.Sprint3.Task2.V25.Test", "Tyuiu.KolchakovDR.Sprint3.Task2.V25.Test\Tyuiu.KolchakovDR.Sprint3.Task2.V25.Test.csproj", "{2195C089-5B80-4A69-A7BD-8F4CC7D9648B}"
EndProject
Project("{2150E333-8FDC-42A3-9474-1A3956D46DE8}") = "Task3", "Task3", "{8A643389-820C-4825-B739-293C38E74F97}"
EndProject
Project("{FAE04EC0-301F-11D3-BF4B-00C04F79EFBC}") = "Tyuiu.KolchakovDR.Sprint3.Task3.V19", "Tyuiu.KolchakovDR.Sprint3.Task3.V19\Tyuiu.KolchakovDR.Sprint3.Task3.V19.csproj", "{4A2DFA2D-3E18-41A6-8F04-234AE6392E21}"
EndProject
Project("{FAE04EC0-301F-11D3-BF4B-00C04F79EFBC}") = "Tyuiu.KolchakovDR.Sprint3.Task3.V19.Lib", "Tyuiu.KolchakovDR.Sprint3.Task3.V19.Lib\Tyuiu.KolchakovDR.Sprint3.Task3.V19.Lib.csproj", "{C152066C-3D90-44B2-8B5B-79D202DDF14D}"
EndProject
Project("{FAE04EC0-301F-11D3-BF4B-00C04F79EFBC}") = "Tyuiu.KolchakovDR.Sprint3.Task3.V19.Test", "Tyuiu.KolchakovDR.Sprint3.Task3.V19.Test\Tyuiu.KolchakovDR.Sprint3.Task3.V19.Test.csproj", "{8A8B9ABD-366E-44D3-8130-6B1CA778646F}"
EndProject
Project("{2150E333-8FDC-42A3-9474-1A3956D46DE8}") = "Task4", "Task4", "{66AEEE8B-50DB-4BEB-AD61-E46269D023BC}"
EndProject
Project("{FAE04EC0-301F-11D3-BF4B-00C04F79EFBC}") = "Tyuiu.KolchakovDR.Sprint3.Task4.V6", "Tyuiu.KolchakovDR.Sprint3.Task4.V6\Tyuiu.KolchakovDR.Sprint3.Task4.V6.csproj", "{7FACF6DD-09F9-4DE1-AFCB-7D447E9C5D41}"
EndProject
Project("{FAE04EC0-301F-11D3-BF4B-00C04F79EFBC}") = "Tyuiu.KolchakovDR.Sprint3.Task4.V6.Lib", "Tyuiu.KolchakovDR.Sprint3.Task4.V6.Lib\Tyuiu.KolchakovDR.Sprint3.Task4.V6.Lib.csproj", "{D47821C4-EB56-41A6-B4EC-739254654386}"
EndProject
Project("{FAE04EC0-301F-11D3-BF4B-00C04F79EFBC}") = "Tyuiu.KolchakovDR.Sprint3.Task4.V6.Test", "Tyuiu.KolchakovDR.Sprint3.Task4.V6.Test\Tyuiu.KolchakovDR.Sprint3.Task4.V6.Test.csproj", "{67D0EA16-EE32-4C3D-884D-8538D68018F5}"
EndProject
Project("{2150E333-8FDC-42A3-9474-1A3956D46DE8}") = "Task5", "Task5", "{71E78199-014A-4B47-B315-5CAAE5E66D15}"
EndProject
Project("{FAE04EC0-301F-11D3-BF4B-00C04F79EFBC}") = "Tyuiu.KolchakovDR.Sprint3.Task5.V16", "Tyuiu.KolchakovDR.Sprint3.Task5.V16\Tyuiu.KolchakovDR.Sprint3.Task5.V16.csproj", "{78BEE29D-F672-4AC1-9FD3-DB9ADDC59F0C}"
EndProject
Project("{FAE04EC0-301F-11D3-BF4B-00C04F79EFBC}") = "Tyuiu.KolchakovDR.Sprint3.Task5.V16.Lib", "Tyuiu.KolchakovDR.Sprint3.Task5.V16.Lib\Tyuiu.KolchakovDR.Sprint3.Task5.V16.Lib.csproj", "{C65709F3-A235-4237-B651-9DE2174D6987}"
EndProject
Project("{FAE04EC0-301F-11D3-BF4B-00C04F79EFBC}") = "Tyuiu.KolchakovDR.Sprint3.Task5.V16.Test", "Tyuiu.KolchakovDR.Sprint3.Task5.V16.Test\Tyuiu.KolchakovDR.Sprint3.Task5.V16.Test.csproj", "{0FC551D2-7322-4BAF-BB19-C8E6B2285BE4}"
EndProject
Project("{2150E333-8FDC-42A3-9474-1A3956D46DE8}") = "Task6", "Task6", "{4A496FF2-3D02-4E56-9C62-09CDA9E454FA}"
EndProject
Project("{FAE04EC0-301F-11D3-BF4B-00C04F79EFBC}") = "Tyuiu.KolchakovDR.Sprint3.Task6.V28", "Tyuiu.KolchakovDR.Sprint3.Task6.V28\Tyuiu.KolchakovDR.Sprint3.Task6.V28.csproj", "{7AD2BDCA-8C81-4271-85B2-0EB1A25890AD}"
EndProject
Project("{FAE04EC0-301F-11D3-BF4B-00C04F79EFBC}") = "Tyuiu.KolchakovDR.Sprint3.Task6.V28.Lib", "Tyuiu.KolchakovDR.Sprint3.Task6.V28.Lib\Tyuiu.KolchakovDR.Sprint3.Task6.V28.Lib.csproj", "{F33A2F1F-9006-4D59-923B-C4800BC55626}"
EndProject
Project("{FAE04EC0-301F-11D3-BF4B-00C04F79EFBC}") = "Tyuiu.KolchakovDR.Sprint3.Task6.V28.Test", "Tyuiu.KolchakovDR.Sprint3.Task6.V28.Test\Tyuiu.KolchakovDR.Sprint3.Task6.V28.Test.csproj", "{9F98C026-EA14-4E26-9A80-DD3B9CA5367C}"
EndProject
Global
	GlobalSection(SolutionConfigurationPlatforms) = preSolution
		Debug|Any CPU = Debug|Any CPU
		Release|Any CPU = Release|Any CPU
	EndGlobalSection
	GlobalSection(ProjectConfigurationPlatforms) = postSolution
		{59D11744-F2F6-4146-B02B-5AF30197377A}.Debug|Any CPU.ActiveCfg = Debug|Any CPU
		{59D11744-F2F6-4146-B02B-5AF30197377A}.Debug|Any CPU.Build.0 = Debug|Any CPU
		{59D11744-F2F6-4146-B02B-5AF30197377A}.Release|Any CPU.ActiveCfg = Release|Any CPU
		{59D11744-F2F6-4146-B02B-5AF30197377A}.Release|Any CPU.Build.0 = Release|Any CPU
		{520641E0-FDF4-4469-BC96-8E7EFB3A2410}.Debug|Any CPU.ActiveCfg = Debug|Any CPU
		{520641E0-FDF4-4469-BC96-8E7EFB3A2410}.Debug|Any CPU.Build.0 = Debug|Any CPU
		{520641E0-FDF4-4469-BC96-8E7EFB3A2410}.Release|Any CPU.ActiveCfg = Release|Any CPU
		{520641E0-FDF4-4469-BC96-8E7EFB3A2410}.Release|Any CPU.Build.0 = Release|Any CPU
		{E602F081-EE97-4E27-A81C-FC691A8CC067}.Debug|Any CPU.ActiveCfg = Debug|Any CPU
		{E602F081-EE97-4E27-A81C-FC691A8CC067}.Debug|Any CPU.Build.0 = Debug|Any CPU
		{E602F081-EE97-4E27-A81C-FC691A8CC067}.Release|Any CPU.ActiveCfg = Release|Any CPU
		{E602F081-EE97-4E27-A81C-FC691A8CC067}.Release|Any CPU.Build.0 = Release|Any CPU
		{E41A52CE-1D64-4E64-B226-49EDE930DD69}.Debug|Any CPU.ActiveCfg = Debug|Any CPU
		{E41A52CE-1D64-4E64-B226-49EDE930DD69}.Debug|Any CPU.Build.0 = Debug|Any CPU
		{E41A52CE-1D64-4E64-B226-49EDE930DD69}.Release|Any CPU.ActiveCfg = Release|Any CPU
		{E41A52CE-1D64-4E64-B226-49EDE930DD69}.Release|Any CPU.Build.0 = Release|Any CPU
		{2F932B71-49FA-4273-81F8-B978EC5C9482}.Debug|Any CPU.ActiveCfg = Debug|Any CPU
		{2F932B71-49FA-4273-81F8-B978EC5C9482}.Debug|Any CPU.Build.0 = Debug|Any CPU
		{2F932B71-49FA-4273-81F8-B978EC5C9482}.Release|Any CPU.ActiveCfg = Release|Any CPU
		{2F932B71-49FA-4273-81F8-B978EC5C9482}.Release|Any CPU.Build.0 = Release|Any CPU
		{FE7152B7-3752-4EAE-8688-003808B45BC7}.Debug|Any CPU.ActiveCfg = Debug|Any CPU
		{FE7152B7-3752-4EAE-8688-003808B45BC7}.Debug|Any CPU.Build.0 = Debug|Any CPU
		{FE7152B7-3752-4EAE-8688-003808B45BC7}.Release|Any CPU.ActiveCfg = Release|Any CPU
		{FE7152B7-3752-4EAE-8688-003808B45BC7}.Release|Any CPU.Build.0 = Release|Any CPU
		{225D4DB5-E163-4286-894D-5F95D2D690A3}.Debug|Any CPU.ActiveCfg = Debug|Any CPU
		{225D4DB5-E163-4286-894D-5F95D2D690A3}.Debug|Any CPU.Build.0 = Debug|Any CPU
		{225D4DB5-E163-4286-894D-5F95D2D690A3}.Release|Any CPU.ActiveCfg = Release|Any CPU
		{225D4DB5-E163-4286-894D-5F95D2D690A3}.Release|Any CPU.Build.0 = Release|Any CPU
		{C55F1994-3000-4DA1-8979-7A952C72E9D3}.Debug|Any CPU.ActiveCfg = Debug|Any CPU
		{C55F1994-3000-4DA1-8979-7A952C72E9D3}.Debug|Any CPU.Build.0 = Debug|Any CPU
		{C55F1994-3000-4DA1-8979-7A952C72E9D3}.Release|Any CPU.ActiveCfg = Release|Any CPU
		{C55F1994-3000-4DA1-8979-7A952C72E9D3}.Release|Any CPU.Build.0 = Release|Any CPU
		{8F4ABAE3-A1D9-4429-8F1D-872DE42F6F8E}.Debug|Any CPU.ActiveCfg = Debug|Any CPU
		{8F4ABAE3-A1D9-4429-8F1D-872DE42F6F8E}.Debug|Any CPU.Build.0 = Debug|Any CPU
		{8F4ABAE3-A1D9-4429-8F1D-872DE42F6F8E}.Release|Any CPU.ActiveCfg = Release|Any CPU
		{8F4ABAE3-A1D9-4429-8F1D-872DE42F6F8E}.Release|Any CPU.Build.0 = Release|Any CPU
		{2195C089-5B80-4A69-A7BD-8F4CC7D9648B}.Debug|Any CPU.ActiveCfg = Debug|Any CPU
		{2195C089-5B80-4A69-A7BD-8F4CC7D9648B}.Debug|Any CPU.Build.0 = Debug|Any CPU
		{2195C089-5B80-4A69-A7BD-8F4CC7D9648B}.Release|Any CPU.ActiveCfg = Release|Any CPU
		{2195C089-5B80-4A69-A7BD-8F4CC7D9648B}.Release|Any CPU.Build.0 = Release|Any CPU
		{4A2DFA2D-3E18-41A6-8F04-234AE6392E21}.Debug|Any CPU.ActiveCfg = Debug|Any CPU
		{4A2DFA2D-3E18-41A6-8F04-234AE6392E21}.Debug|Any CPU.Build.0 = Debug|Any CPU
		{4A2DFA2D-3E18-41A6-8F04-234AE6392E21}.Release|Any CPU.ActiveCfg = Release|Any CPU
		{4A2DFA2D-3E18-41A6-8F04-234AE6392E21}.Release|Any CPU.Build.0 = Release|Any CPU
		{C152066C-3D90-44B2-8B5B-79D202DDF14D}.Debug|Any CPU.ActiveCfg = Debug|Any CPU
		{C152066C-3D90-44B2-8B5B-79D202DDF14D}.Debug|Any CPU.Build.0 = Debug|Any CPU
		{C152066C-3D90-44B2-8B5B-79D202DDF14D}.Release|Any CPU.ActiveCfg = Release|Any CPU
		{C152066C-3D90-44B2-8B5B-79D202DDF14D}.Release|Any CPU.Build.0 = Release|Any CPU
		{8A8B9ABD-366E-44D3-8130-6B1CA778646F}.Debug|Any CPU.ActiveCfg = Debug|Any CPU
		{8A8B9ABD-366E-44D3-8130-6B1CA778646F}.Debug|Any CPU.Build.0 = Debug|Any CPU
		{8A8B9ABD-366E-44D3-8130-6B1CA778646F}.Release|Any CPU.ActiveCfg = Release|Any CPU
		{8A8B9ABD-366E-44D3-8130-6B1CA778646F}.Release|Any CPU.Build.0 = Release|Any CPU
		{7FACF6DD-09F9-4DE1-AFCB-7D447E9C5D41}.Debug|Any CPU.ActiveCfg = Debug|Any CPU
		{7FACF6DD-09F9-4DE1-AFCB-7D447E9C5D41}.Debug|Any CPU.Build.0 = Debug|Any CPU
		{7FACF6DD-09F9-4DE1-AFCB-7D447E9C5D41}.Release|Any CPU.ActiveCfg = Release|Any CPU
		{7FACF6DD-09F9-4DE1-AFCB-7D447E9C5D41}.Release|Any CPU.Build.0 = Release|Any CPU
		{D47821C4-EB56-41A6-B4EC-739254654386}.Debug|Any CPU.ActiveCfg = Debug|Any CPU
		{D47821C4-EB56-41A6-B4EC-739254654386}.Debug|Any CPU.Build.0 = Debug|Any CPU
		{D47821C4-EB56-41A6-B4EC-739254654386}.Release|Any CPU.ActiveCfg = Release|Any CPU
		{D47821C4-EB56-41A6-B4EC-739254654386}.Release|Any CPU.Build.0 = Release|Any CPU
		{67D0EA16-EE32-4C3D-884D-8538D68018F5}.Debug|Any CPU.ActiveCfg = Debug|Any CPU
		{67D0EA16-EE32-4C3D-884D-8538D68018F5}.Debug|Any CPU.Build.0 = Debug|Any CPU
		{67D0EA16-EE32-4C3D-884D-8538D68018F5}.Release|Any CPU.ActiveCfg = Release|Any CPU
		{67D0EA16-EE32-4C3D-884D-8538D68018F5}.Release|Any CPU.Build.0 = Release|Any CPU
		{78BEE29D-F672-4AC1-9FD3-DB9ADDC59F0C}.Debug|Any CPU.ActiveCfg = Debug|Any CPU
		{78BEE29D-F672-4AC1-9FD3-DB9ADDC59F0C}.Debug|Any CPU.Build.0 = Debug|Any CPU
		{78BEE29D-F672-4AC1-9FD3-DB9ADDC59F0C}.Release|Any CPU.ActiveCfg = Release|Any CPU
		{78BEE29D-F672-4AC1-9FD3-DB9ADDC59F0C}.Release|Any CPU.Build.0 = Release|Any CPU
		{C65709F3-A235-4237-B651-9DE2174D6987}.Debug|Any CPU.ActiveCfg = Debug|Any CPU
		{C65709F3-A235-4237-B651-9DE2174D6987}.Debug|Any CPU.Build.0 = Debug|Any CPU
		{C65709F3-A235-4237-B651-9DE2174D6987}.Release|Any CPU.ActiveCfg = Release|Any CPU
		{C65709F3-A235-4237-B651-9DE2174D6987}.Release|Any CPU.Build.0 = Release|Any CPU
		{0FC551D2-7322-4BAF-BB19-C8E6B2285BE4}.Debug|Any CPU.ActiveCfg = Debug|Any CPU
		{0FC551D2-7322-4BAF-BB19-C8E6B2285BE4}.Debug|Any CPU.Build.0 = Debug|Any CPU
		{0FC551D2-7322-4BAF-BB19-C8E6B2285BE4}.Release|Any CPU.ActiveCfg = Release|Any CPU
		{0FC551D2-7322-4BAF-BB19-C8E6B2285BE4}.Release|Any CPU.Build.0 = Release|Any CPU
		{7AD2BDCA-8C81-4271-85B2-0EB1A25890AD}.Debug|Any CPU.ActiveCfg = Debug|Any CPU
		{7AD2BDCA-8C81-4271-85B2-0EB1A25890AD}.Debug|Any CPU.Build.0 = Debug|Any CPU
		{7AD2BDCA-8C81-4271-85B2-0EB1A25890AD}.Release|Any CPU.ActiveCfg = Release|Any CPU
		{7AD2BDCA-8C81-4271-85B2-0EB1A25890AD}.Release|Any CPU.Build.0 = Release|Any CPU
		{F33A2F1F-9006-4D59-923B-C4800BC55626}.Debug|Any CPU.ActiveCfg = Debug|Any CPU
		{F33A2F1F-9006-4D59-923B-C4800BC55626}.Debug|Any CPU.Build.0 = Debug|Any CPU
		{F33A2F1F-9006-4D59-923B-C4800BC55626}.Release|Any CPU.ActiveCfg = Release|Any CPU
		{F33A2F1F-9006-4D59-923B-C4800BC55626}.Release|Any CPU.Build.0 = Release|Any CPU
		{9F98C026-EA14-4E26-9A80-DD3B9CA5367C}.Debug|Any CPU.ActiveCfg = Debug|Any CPU
		{9F98C026-EA14-4E26-9A80-DD3B9CA5367C}.Debug|Any CPU.Build.0 = Debug|Any CPU
		{9F98C026-EA14-4E26-9A80-DD3B9CA5367C}.Release|Any CPU.ActiveCfg = Release|Any CPU
		{9F98C026-EA14-4E26-9A80-DD3B9CA5367C}.Release|Any CPU.Build.0 = Release|Any CPU
	EndGlobalSection
	GlobalSection(SolutionProperties) = preSolution
		HideSolutionNode = FALSE
	EndGlobalSection
	GlobalSection(NestedProjects) = preSolution
		{59D11744-F2F6-4146-B02B-5AF30197377A} = {BC76E9F4-2898-4442-95EB-938C0325BA79}
		{520641E0-FDF4-4469-BC96-8E7EFB3A2410} = {BC76E9F4-2898-4442-95EB-938C0325BA79}
		{E602F081-EE97-4E27-A81C-FC691A8CC067} = {BC76E9F4-2898-4442-95EB-938C0325BA79}
		{2F932B71-49FA-4273-81F8-B978EC5C9482} = {A60821BA-048B-4E62-8D68-644CB3E26E50}
		{FE7152B7-3752-4EAE-8688-003808B45BC7} = {A60821BA-048B-4E62-8D68-644CB3E26E50}
		{225D4DB5-E163-4286-894D-5F95D2D690A3} = {A60821BA-048B-4E62-8D68-644CB3E26E50}
		{C55F1994-3000-4DA1-8979-7A952C72E9D3} = {7A8EE941-01BF-4A5B-BE51-70D56ABACAF7}
		{8F4ABAE3-A1D9-4429-8F1D-872DE42F6F8E} = {7A8EE941-01BF-4A5B-BE51-70D56ABACAF7}
		{2195C089-5B80-4A69-A7BD-8F4CC7D9648B} = {7A8EE941-01BF-4A5B-BE51-70D56ABACAF7}
		{4A2DFA2D-3E18-41A6-8F04-234AE6392E21} = {8A643389-820C-4825-B739-293C38E74F97}
		{C152066C-3D90-44B2-8B5B-79D202DDF14D} = {8A643389-820C-4825-B739-293C38E74F97}
		{8A8B9ABD-366E-44D3-8130-6B1CA778646F} = {8A643389-820C-4825-B739-293C38E74F97}
		{7FACF6DD-09F9-4DE1-AFCB-7D447E9C5D41} = {66AEEE8B-50DB-4BEB-AD61-E46269D023BC}
		{D47821C4-EB56-41A6-B4EC-739254654386} = {66AEEE8B-50DB-4BEB-AD61-E46269D023BC}
		{67D0EA16-EE32-4C3D-884D-8538D68018F5} = {66AEEE8B-50DB-4BEB-AD61-E46269D023BC}
		{78BEE29D-F672-4AC1-9FD3-DB9ADDC59F0C} = {71E78199-014A-4B47-B315-5CAAE5E66D15}
		{C65709F3-A235-4237-B651-9DE2174D6987} = {71E78199-014A-4B47-B315-5CAAE5E66D15}
		{0FC551D2-7322-4BAF-BB19-C8E6B2285BE4} = {71E78199-014A-4B47-B315-5CAAE5E66D15}
		{7AD2BDCA-8C81-4271-85B2-0EB1A25890AD} = {4A496FF2-3D02-4E56-9C62-09CDA9E454FA}
		{F33A2F1F-9006-4D59-923B-C4800BC55626} = {4A496FF2-3D02-4E56-9C62-09CDA9E454FA}
		{9F98C026-EA14-4E26-9A80-DD3B9CA5367C} = {4A496FF2-3D02-4E56-9C62-09CDA9E454FA}
	EndGlobalSection
	GlobalSection(ExtensibilityGlobals) = postSolution
		SolutionGuid = {E6C2248C-9597-4728-9411-19E8FF23C896}
	EndGlobalSection
EndGlobal
